
Microsoft Visual Studio Solution File, Format Version 12.00
# Visual Studio 2013
Project("{FAE04EC0-301F-11D3-BF4B-00C04F79EFBC}") = "UnityVS.Pazzle.CSharp", "UnityVS.Pazzle.CSharp.csproj", "{7AB1B608-F0C5-FB8A-8AC7-6A84E811DC4D}"
EndProject
Project("{FAE04EC0-301F-11D3-BF4B-00C04F79EFBC}") = "UnityVS.Pazzle.CSharp.Editor", "UnityVS.Pazzle.CSharp.Editor.csproj", "{C03827BA-A2F8-0E9E-4933-BBDCA0DA9E88}"
EndProject
Global
	GlobalSection(SolutionConfigurationPlatforms) = preSolution
		Debug|Any CPU = Debug|Any CPU
		Release|Any CPU = Release|Any CPU
	EndGlobalSection
	GlobalSection(ProjectConfigurationPlatforms) = postSolution
		{7AB1B608-F0C5-FB8A-8AC7-6A84E811DC4D}.Debug|Any CPU.ActiveCfg = Debug|Any CPU
		{7AB1B608-F0C5-FB8A-8AC7-6A84E811DC4D}.Debug|Any CPU.Build.0 = Debug|Any CPU
		{7AB1B608-F0C5-FB8A-8AC7-6A84E811DC4D}.Release|Any CPU.ActiveCfg = Release|Any CPU
		{7AB1B608-F0C5-FB8A-8AC7-6A84E811DC4D}.Release|Any CPU.Build.0 = Release|Any CPU
		{C03827BA-A2F8-0E9E-4933-BBDCA0DA9E88}.Debug|Any CPU.ActiveCfg = Debug|Any CPU
		{C03827BA-A2F8-0E9E-4933-BBDCA0DA9E88}.Debug|Any CPU.Build.0 = Debug|Any CPU
		{C03827BA-A2F8-0E9E-4933-BBDCA0DA9E88}.Release|Any CPU.ActiveCfg = Release|Any CPU
		{C03827BA-A2F8-0E9E-4933-BBDCA0DA9E88}.Release|Any CPU.Build.0 = Release|Any CPU
	EndGlobalSection
	GlobalSection(SolutionProperties) = preSolution
		HideSolutionNode = FALSE
	EndGlobalSection
EndGlobal
